{
  "name": "session-voice",
  "version": "2.0.0",
  "lockfileVersion": 3,
  "requires": true,
  "packages": {
    "": {
      "name": "session-voice",
      "version": "2.0.0",
      "dependencies": {
        "agora-token": "^2.0.3",
        "hono": "^4.4.0",
        "viem": "^2.21.0"
      },
      "devDependencies": {
        "@cloudflare/workers-types": "^4.20240925.0",
        "@x402/evm": "2.3.1",
        "@x402/fetch": "2.3.0",
        "wrangler": "^3.80.0"
      }
    },
    "../../node_modules/.bun/@cloudflare+workers-types@4.20260131.0/node_modules/@cloudflare/workers-types": {
      "version": "4.20260131.0",
      "dev": true,
      "license": "MIT OR Apache-2.0"
    },
    "../../node_modules/.bun/@types+bun@1.3.8/node_modules/@types/bun": {
      "version": "1.3.8",
      "extraneous": true,
      "license": "MIT",
      "dependencies": {
        "bun-types": "1.3.8"
      }
    },
    "../../node_modules/.bun/agora-token@2.0.5/node_modules/agora-token": {
      "version": "2.0.5",
      "license": "ISC",
      "dependencies": {
        "crc-32": "^1.2.0",
        "cuint": "0.2.2",
        "md5": "^2.3.0"
      },
      "devDependencies": {
        "@eslint/js": "^9.8.0",
        "eslint": "^9.8.0",
        "globals": "^15.8.0",
        "nodeunit": "^0.11.3"
      }
    },
    "../../node_modules/.bun/hono@4.11.7/node_modules/hono": {
      "version": "4.11.7",
      "license": "MIT",
      "devDependencies": {
        "@hono/eslint-config": "^2.0.5",
        "@hono/node-server": "^1.13.5",
        "@types/glob": "^9.0.0",
        "@types/jsdom": "^21.1.7",
        "@types/node": "^24.3.0",
        "@typescript/native-preview": "7.0.0-dev.20251220.1",
        "@vitest/coverage-v8": "^3.2.4",
        "arg": "^5.0.2",
        "bun-types": "^1.2.20",
        "editorconfig-checker": "6.1.1",
        "esbuild": "^0.27.1",
        "eslint": "9.39.1",
        "glob": "^11.0.0",
        "jsdom": "22.1.0",
        "msw": "^2.6.0",
        "np": "10.2.0",
        "oxc-parser": "^0.96.0",
        "pkg-pr-new": "^0.0.53",
        "prettier": "3.7.4",
        "publint": "0.3.15",
        "typescript": "^5.9.2",
        "undici": "^6.21.3",
        "vite-plugin-fastly-js-compute": "^0.4.2",
        "vitest": "^3.2.4",
        "wrangler": "4.12.0",
        "ws": "^8.18.0",
        "zod": "^3.23.8"
      },
      "engines": {
        "node": ">=16.9.0"
      }
    },
    "../../node_modules/.bun/viem@2.45.0+817e9e50e8d463f6/node_modules/viem": {
      "version": "2.45.0",
      "funding": [
        {
          "type": "github",
          "url": "https://github.com/sponsors/wevm"
        }
      ],
      "license": "MIT",
      "dependencies": {
        "@noble/curves": "1.9.1",
        "@noble/hashes": "1.8.0",
        "@scure/bip32": "1.7.0",
        "@scure/bip39": "1.6.0",
        "abitype": "1.2.3",
        "isows": "1.0.7",
        "ox": "0.11.3",
        "ws": "8.18.3"
      },
      "peerDependencies": {
        "typescript": ">=5.0.4"
      },
      "peerDependenciesMeta": {
        "typescript": {
          "optional": true
        }
      }
    },
    "../../node_modules/.bun/wrangler@3.114.17+8827c829f1c3db2f/node_modules/wrangler": {
      "version": "3.114.17",
      "dev": true,
      "license": "MIT OR Apache-2.0",
      "dependencies": {
        "@cloudflare/kv-asset-handler": "0.3.4",
        "@cloudflare/unenv-preset": "2.0.2",
        "@esbuild-plugins/node-globals-polyfill": "0.2.3",
        "@esbuild-plugins/node-modules-polyfill": "0.2.2",
        "blake3-wasm": "2.1.5",
        "esbuild": "0.17.19",
        "miniflare": "3.20250718.3",
        "path-to-regexp": "6.3.0",
        "unenv": "2.0.0-rc.14",
        "workerd": "1.20250718.0"
      },
      "bin": {
        "wrangler": "bin/wrangler.js",
        "wrangler2": "bin/wrangler.js"
      },
      "devDependencies": {
        "@aws-sdk/client-s3": "^3.721.0",
        "@cloudflare/cli": "1.1.1",
        "@cloudflare/eslint-config-worker": "1.1.0",
        "@cloudflare/pages-shared": "0.13.22",
        "@cloudflare/types": "6.18.4",
        "@cloudflare/workers-shared": "0.15.1",
        "@cloudflare/workers-tsconfig": "0.0.0",
        "@cloudflare/workers-types": "^4.20250408.0",
        "@cspotcode/source-map-support": "0.8.1",
        "@iarna/toml": "^3.0.0",
        "@microsoft/api-extractor": "^7.47.0",
        "@sentry/node": "^7.86.0",
        "@sentry/types": "^7.86.0",
        "@sentry/utils": "^7.86.0",
        "@types/command-exists": "^1.2.0",
        "@types/glob-to-regexp": "^0.4.1",
        "@types/is-ci": "^3.0.0",
        "@types/javascript-time-ago": "^2.0.3",
        "@types/mime": "^3.0.4",
        "@types/minimatch": "^5.1.2",
        "@types/node": "^18.19.75",
        "@types/node-forge": "^1.3.11",
        "@types/prompts": "^2.0.14",
        "@types/resolve": "^1.20.6",
        "@types/shell-quote": "^1.7.2",
        "@types/signal-exit": "^3.0.1",
        "@types/supports-color": "^8.1.1",
        "@types/ws": "^8.5.7",
        "@types/yargs": "^17.0.22",
        "@vitest/ui": "~3.0.5",
        "@webcontainer/env": "^1.1.0",
        "chalk": "^5.2.0",
        "chokidar": "^4.0.1",
        "cli-table3": "^0.6.3",
        "cmd-shim": "^4.1.0",
        "command-exists": "^1.2.9",
        "concurrently": "^8.2.2",
        "date-fns": "^4.1.0",
        "devtools-protocol": "^0.0.1182435",
        "dotenv": "^16.3.1",
        "execa": "^6.1.0",
        "find-up": "^6.3.0",
        "get-port": "^7.0.0",
        "glob-to-regexp": "^0.4.1",
        "https-proxy-agent": "7.0.2",
        "is-ci": "^3.0.1",
        "itty-time": "^1.0.6",
        "javascript-time-ago": "^2.5.4",
        "md5-file": "5.0.0",
        "mime": "^3.0.0",
        "minimatch": "^5.1.0",
        "mock-socket": "^9.3.1",
        "msw": "2.4.3",
        "node-forge": "^1.3.1",
        "open": "^8.4.0",
        "p-queue": "^7.2.0",
        "patch-console": "^1.0.0",
        "pretty-bytes": "^6.0.0",
        "prompts": "^2.4.2",
        "resolve": "^1.22.8",
        "rimraf": "^5.0.10",
        "selfsigned": "^2.0.1",
        "semiver": "^1.1.0",
        "shell-quote": "^1.8.1",
        "signal-exit": "^3.0.7",
        "source-map": "^0.6.1",
        "strip-ansi": "^7.1.0",
        "supports-color": "^9.2.2",
        "timeago.js": "^4.0.2",
        "ts-dedent": "^2.2.0",
        "ts-json-schema-generator": "^1.5.0",
        "typescript": "^5.7.2",
        "undici": "^5.28.5",
        "update-check": "^1.5.4",
        "vitest": "~3.0.5",
        "vitest-websocket-mock": "^0.4.0",
        "ws": "8.18.0",
        "xdg-app-paths": "^8.3.0",
        "xxhash-wasm": "^1.0.1",
        "yargs": "^17.7.2"
      },
      "engines": {
        "node": ">=16.17.0"
      },
      "optionalDependencies": {
        "fsevents": "~2.3.2",
        "sharp": "^0.33.5"
      },
      "peerDependencies": {
        "@cloudflare/workers-types": "^4.20250408.0"
      },
      "peerDependenciesMeta": {
        "@cloudflare/workers-types": {
          "optional": true
        }
      }
    },
    "node_modules/@cloudflare/workers-types": {
      "resolved": "../../node_modules/.bun/@cloudflare+workers-types@4.20260131.0/node_modules/@cloudflare/workers-types",
      "link": true
    },
    "node_modules/@x402/core": {
      "version": "2.3.1",
      "resolved": "https://registry.npmjs.org/@x402/core/-/core-2.3.1.tgz",
      "integrity": "sha512-CWvsf09tslISoVOzQ2TIoBLBP+bUycPsYmmRVe3EV5X2FtD7eXXpiPsiXLEVtWP7zhqLNP/5OIATsA2hSVLSfw==",
      "dev": true,
      "license": "Apache-2.0",
      "dependencies": {
        "zod": "^3.24.2"
      }
    },
    "node_modules/@x402/evm": {
      "version": "2.3.1",
      "resolved": "https://registry.npmjs.org/@x402/evm/-/evm-2.3.1.tgz",
      "integrity": "sha512-aN40OHG0HN1PhBXNFMRi5ISLHsExpF4qIvWUoVMKhFCfaXQDrqsfOKOC3PfcFtK/2Q8/SoiXNN7LsCkChL62lw==",
      "dev": true,
      "license": "Apache-2.0",
      "dependencies": {
        "@x402/core": "~2.3.1",
        "viem": "^2.39.3",
        "zod": "^3.24.2"
      }
    },
    "node_modules/@x402/fetch": {
      "version": "2.3.0",
      "resolved": "https://registry.npmjs.org/@x402/fetch/-/fetch-2.3.0.tgz",
      "integrity": "sha512-XyY5wcR1gClC5QXJ4ev8O95ZHpiF8UMh5KkMHPYlNqxi59WNXR563XZE8LVoBd/fgRhDdjAoXlqwqBuDL50HOw==",
      "dev": true,
      "license": "Apache-2.0",
      "dependencies": {
        "@x402/core": "~2.3.0",
        "viem": "^2.39.3",
        "zod": "^3.24.2"
      }
    },
    "node_modules/agora-token": {
      "resolved": "../../node_modules/.bun/agora-token@2.0.5/node_modules/agora-token",
      "link": true
    },
    "node_modules/hono": {
      "resolved": "../../node_modules/.bun/hono@4.11.7/node_modules/hono",
      "link": true
    },
    "node_modules/viem": {
      "resolved": "../../node_modules/.bun/viem@2.45.0+817e9e50e8d463f6/node_modules/viem",
      "link": true
    },
    "node_modules/wrangler": {
      "resolved": "../../node_modules/.bun/wrangler@3.114.17+8827c829f1c3db2f/node_modules/wrangler",
      "link": true
    },
    "node_modules/zod": {
      "version": "3.25.76",
      "resolved": "https://registry.npmjs.org/zod/-/zod-3.25.76.tgz",
      "integrity": "sha512-gzUt/qt81nXsFGKIFcC3YnfEAx5NkunCfnDlvuBSSFS02bcXu4Lmea0AFIUwbLWxWPx3d9p8S5QoaujKcNQxcQ==",
      "dev": true,
      "license": "MIT",
      "funding": {
        "url": "https://github.com/sponsors/colinhacks"
      }
    }
  }
}
